<Solution>
  <Folder Name="/Actions/">
    <File Path=".github/dependabot.yml" />
    <File Path=".github/workflows/cd.yml" />
    <File Path=".github/workflows/ci.yml" />
  </Folder>
  <Folder Name="/Analyzers/">
    <File Path=".editorconfig" />
    <File Path="analyzers/code.ruleset" />
    <File Path="analyzers/tests.ruleset" />
    <File Path="src/Muify/AnalyzerReleases.Shipped.md" />
    <File Path="src/Muify/AnalyzerReleases.Unshipped.md" />
  </Folder>
  <Folder Name="/Build/">
    <File Path="build/Libraries.props" />
    <File Path="build/Roslyn.props" />
    <File Path="build/Tests.props" />
    <File Path="Directory.Build.props" />
    <File Path="Directory.Packages.props" />
  </Folder>
  <Folder Name="/Configuration/">
    <File Path=".filenesting.json" />
    <File Path=".github/CODEOWNERS" />
    <File Path=".gitignore" />
    <File Path="AGENTS.md" />
    <File Path="codecov.yml" />
    <File Path="global.json" />
    <File Path="nuget.config" />
  </Folder>
  <Folder Name="/Documentation/">
    <File Path=".github/CODE_OF_CONDUCT.md" />
    <File Path=".github/CONTRIBUTING.md" />
    <File Path=".github/SECURITY.md" />
    <File Path="CHANGELOG.md" />
    <File Path="docs/rules/MUIFY01.md" />
    <File Path="docs/rules/MUIFY02.md" />
    <File Path="docs/rules/MUIFY03.md" />
    <File Path="docs/rules/MUIFY04.md" />
    <File Path="LICENSE" />
    <File Path="README.md" />
  </Folder>
  <Folder Name="/Framework/">
    <Project Path="src/Mu.Composition/Mu.Composition.csproj" />
    <Project Path="src/Mu.Modelling.Components/Mu.Modelling.Components.csproj" />
    <Project Path="src/Mu.Modelling/Mu.Modelling.csproj" />
    <Project Path="src/Mu.Sample/Mu.Sample.csproj" />
    <Project Path="src/Mu/Mu.csproj" />
    <Project Path="src/Muify/Muify.csproj" />
  </Folder>
  <Folder Name="/Templates/">
    <File Path=".github/ISSUE_TEMPLATE/bug_report.md" />
    <File Path=".github/ISSUE_TEMPLATE/feature_request.md" />
    <File Path=".github/pull_request_template.md" />
  </Folder>
  <Folder Name="/Tests/">
    <Project Path="src/Mu.Composition.Tests/Mu.Composition.Tests.csproj" />
    <Project Path="src/Mu.Modelling.Components.Tests/Mu.Modelling.Components.Tests.csproj" />
    <Project Path="src/Mu.Modelling.Testing/Mu.Modelling.Testing.csproj" Id="d9cb584e-349c-4832-80cd-0cca7beae52b" />
    <Project Path="src/Mu.Modelling.Tests/Mu.Modelling.Tests.csproj" />
    <Project Path="src/Mu.Tests/Mu.Tests.csproj" />
    <Project Path="src/Muify.Tests/Muify.Tests.csproj" />
  </Folder>
</Solution>